
Microsoft Visual Studio Solution File, Format Version 12.00
# Visual Studio Version 17
VisualStudioVersion = 17.0.31903.59
MinimumVisualStudioVersion = 10.0.40219.1
Project("{2150E333-8FDC-42A3-9474-1A3956D46DE8}") = "api", "api", "{D82C56D6-B2CD-F611-9E31-04638F7EC30E}"
EndProject
Project("{FAE04EC0-301F-11D3-BF4B-00C04F79EFBC}") = "AvalphaTechnologies.CommissionCalculator", "api\AvalphaTechnologies.CommissionCalculator.csproj", "{B8962C18-E6BF-4920-ADB8-37556F9BE8DB}"
EndProject
Project("{FAE04EC0-301F-11D3-BF4B-00C04F79EFBC}") = "AvalphaTechnologies.CommissionCalculator.Tests", "AvalphaTechnologies.CommissionCalculator.Tests\AvalphaTechnologies.CommissionCalculator.Tests.csproj", "{3D6580E0-D11D-4B01-A627-6FFB3ED25BB2}"
EndProject
Global
	GlobalSection(SolutionConfigurationPlatforms) = preSolution
		Debug|Any CPU = Debug|Any CPU
		Debug|x64 = Debug|x64
		Debug|x86 = Debug|x86
		Release|Any CPU = Release|Any CPU
		Release|x64 = Release|x64
		Release|x86 = Release|x86
	EndGlobalSection
	GlobalSection(ProjectConfigurationPlatforms) = postSolution
		{B8962C18-E6BF-4920-ADB8-37556F9BE8DB}.Debug|Any CPU.ActiveCfg = Debug|Any CPU
		{B8962C18-E6BF-4920-ADB8-37556F9BE8DB}.Debug|Any CPU.Build.0 = Debug|Any CPU
		{B8962C18-E6BF-4920-ADB8-37556F9BE8DB}.Debug|x64.ActiveCfg = Debug|Any CPU
		{B8962C18-E6BF-4920-ADB8-37556F9BE8DB}.Debug|x64.Build.0 = Debug|Any CPU
		{B8962C18-E6BF-4920-ADB8-37556F9BE8DB}.Debug|x86.ActiveCfg = Debug|Any CPU
		{B8962C18-E6BF-4920-ADB8-37556F9BE8DB}.Debug|x86.Build.0 = Debug|Any CPU
		{B8962C18-E6BF-4920-ADB8-37556F9BE8DB}.Release|Any CPU.ActiveCfg = Release|Any CPU
		{B8962C18-E6BF-4920-ADB8-37556F9BE8DB}.Release|Any CPU.Build.0 = Release|Any CPU
		{B8962C18-E6BF-4920-ADB8-37556F9BE8DB}.Release|x64.ActiveCfg = Release|Any CPU
		{B8962C18-E6BF-4920-ADB8-37556F9BE8DB}.Release|x64.Build.0 = Release|Any CPU
		{B8962C18-E6BF-4920-ADB8-37556F9BE8DB}.Release|x86.ActiveCfg = Release|Any CPU
		{B8962C18-E6BF-4920-ADB8-37556F9BE8DB}.Release|x86.Build.0 = Release|Any CPU
		{3D6580E0-D11D-4B01-A627-6FFB3ED25BB2}.Debug|Any CPU.ActiveCfg = Debug|Any CPU
		{3D6580E0-D11D-4B01-A627-6FFB3ED25BB2}.Debug|Any CPU.Build.0 = Debug|Any CPU
		{3D6580E0-D11D-4B01-A627-6FFB3ED25BB2}.Debug|x64.ActiveCfg = Debug|Any CPU
		{3D6580E0-D11D-4B01-A627-6FFB3ED25BB2}.Debug|x64.Build.0 = Debug|Any CPU
		{3D6580E0-D11D-4B01-A627-6FFB3ED25BB2}.Debug|x86.ActiveCfg = Debug|Any CPU
		{3D6580E0-D11D-4B01-A627-6FFB3ED25BB2}.Debug|x86.Build.0 = Debug|Any CPU
		{3D6580E0-D11D-4B01-A627-6FFB3ED25BB2}.Release|Any CPU.ActiveCfg = Release|Any CPU
		{3D6580E0-D11D-4B01-A627-6FFB3ED25BB2}.Release|Any CPU.Build.0 = Release|Any CPU
		{3D6580E0-D11D-4B01-A627-6FFB3ED25BB2}.Release|x64.ActiveCfg = Release|Any CPU
		{3D6580E0-D11D-4B01-A627-6FFB3ED25BB2}.Release|x64.Build.0 = Release|Any CPU
		{3D6580E0-D11D-4B01-A627-6FFB3ED25BB2}.Release|x86.ActiveCfg = Release|Any CPU
		{3D6580E0-D11D-4B01-A627-6FFB3ED25BB2}.Release|x86.Build.0 = Release|Any CPU
	EndGlobalSection
	GlobalSection(SolutionProperties) = preSolution
		HideSolutionNode = FALSE
	EndGlobalSection
	GlobalSection(NestedProjects) = preSolution
		{B8962C18-E6BF-4920-ADB8-37556F9BE8DB} = {D82C56D6-B2CD-F611-9E31-04638F7EC30E}
	EndGlobalSection
EndGlobal
